
Microsoft Visual Studio Solution File, Format Version 12.00
# Visual Studio Version 17
VisualStudioVersion = 17.12.35527.113
MinimumVisualStudioVersion = 10.0.40219.1
Project("{FAE04EC0-301F-11D3-BF4B-00C04F79EFBC}") = "TaskManagementAPI", "TaskManagementAPI\TaskManagementAPI.csproj", "{9F24C178-9146-4C75-AF26-A8B9CF839956}"
EndProject
Project("{FAE04EC0-301F-11D3-BF4B-00C04F79EFBC}") = "TestManagementAPI.Tests", "TestManagementAPI.Tests\TestManagementAPI.Tests.csproj", "{64BCDE4B-3FB0-4A4E-A98B-89DCB6930603}"
EndProject
Global
	GlobalSection(SolutionConfigurationPlatforms) = preSolution
		Debug|Any CPU = Debug|Any CPU
		Release|Any CPU = Release|Any CPU
	EndGlobalSection
	GlobalSection(ProjectConfigurationPlatforms) = postSolution
		{9F24C178-9146-4C75-AF26-A8B9CF839956}.Debug|Any CPU.ActiveCfg = Debug|Any CPU
		{9F24C178-9146-4C75-AF26-A8B9CF839956}.Debug|Any CPU.Build.0 = Debug|Any CPU
		{9F24C178-9146-4C75-AF26-A8B9CF839956}.Release|Any CPU.ActiveCfg = Release|Any CPU
		{9F24C178-9146-4C75-AF26-A8B9CF839956}.Release|Any CPU.Build.0 = Release|Any CPU
		{64BCDE4B-3FB0-4A4E-A98B-89DCB6930603}.Debug|Any CPU.ActiveCfg = Debug|Any CPU
		{64BCDE4B-3FB0-4A4E-A98B-89DCB6930603}.Debug|Any CPU.Build.0 = Debug|Any CPU
		{64BCDE4B-3FB0-4A4E-A98B-89DCB6930603}.Release|Any CPU.ActiveCfg = Release|Any CPU
		{64BCDE4B-3FB0-4A4E-A98B-89DCB6930603}.Release|Any CPU.Build.0 = Release|Any CPU
	EndGlobalSection
	GlobalSection(SolutionProperties) = preSolution
		HideSolutionNode = FALSE
	EndGlobalSection
EndGlobal
